# This file is automatically @generated by Cargo.
# It is not intended for manual editing.
version = 3

[[package]]
name = "aho-corasick"
version = "1.1.2"
source = "registry+https://github.com/rust-lang/crates.io-index"
checksum = "b2969dcb958b36655471fc61f7e416fa76033bdd4bfed0678d8fee1e2d07a1f0"
dependencies = [
 "memchr",
]

[[package]]
name = "glam"
version = "0.23.0"
source = "registry+https://github.com/rust-lang/crates.io-index"
checksum = "8e4afd9ad95555081e109fe1d21f2a30c691b5f0919c67dfa690a2e1eb6bd51c"

[[package]]
name = "godot"
version = "0.1.0"
source = "git+https://github.com/godot-rust/gdext?branch=master#7594e9cc91c8a313e26ef3f4f4f308a64a70ac7a"
dependencies = [
 "godot-core",
 "godot-macros",
]

[[package]]
name = "godot-bindings"
version = "0.1.0"
source = "git+https://github.com/godot-rust/gdext?branch=master#7594e9cc91c8a313e26ef3f4f4f308a64a70ac7a"
dependencies = [
 "godot4-prebuilt",
]

[[package]]
name = "godot-codegen"
version = "0.1.0"
source = "git+https://github.com/godot-rust/gdext?branch=master#7594e9cc91c8a313e26ef3f4f4f308a64a70ac7a"
dependencies = [
 "godot-bindings",
 "godot-fmt",
 "heck",
 "nanoserde",
 "proc-macro2",
 "quote",
 "regex",
]

[[package]]
name = "godot-core"
version = "0.1.0"
source = "git+https://github.com/godot-rust/gdext?branch=master#7594e9cc91c8a313e26ef3f4f4f308a64a70ac7a"
dependencies = [
 "glam",
 "godot-bindings",
 "godot-codegen",
 "godot-ffi",
]

[[package]]
name = "godot-ffi"
version = "0.1.0"
source = "git+https://github.com/godot-rust/gdext?branch=master#7594e9cc91c8a313e26ef3f4f4f308a64a70ac7a"
dependencies = [
 "godot-bindings",
 "godot-codegen",
 "paste",
]

[[package]]
name = "godot-fmt"
version = "0.1.0"
source = "git+https://github.com/godot-rust/gdext?branch=master#7594e9cc91c8a313e26ef3f4f4f308a64a70ac7a"
dependencies = [
 "proc-macro2",
]

[[package]]
name = "godot-macros"
version = "0.1.0"
source = "git+https://github.com/godot-rust/gdext?branch=master#7594e9cc91c8a313e26ef3f4f4f308a64a70ac7a"
dependencies = [
 "godot-bindings",
 "proc-macro2",
 "quote",
 "venial",
]

[[package]]
name = "godot4-prebuilt"
version = "0.0.0"
source = "git+https://github.com/godot-rust/godot4-prebuilt?branch=4.1.1#fca6897dbfb1a2d9387f81491acd77f6f091b8c4"

[[package]]
name = "heck"
version = "0.4.1"
source = "registry+https://github.com/rust-lang/crates.io-index"
checksum = "95505c38b4572b2d910cecb0281560f54b440a19336cbbcb27bf6ce6adc6f5a8"

[[package]]
name = "memchr"
version = "2.6.4"
source = "registry+https://github.com/rust-lang/crates.io-index"
checksum = "f665ee40bc4a3c5590afb1e9677db74a508659dfd71e126420da8274909a0167"

[[package]]
name = "mvt"
version = "0.1.0"
dependencies = [
 "godot",
 "protobuf",
]

[[package]]
name = "nanoserde"
version = "0.1.35"
source = "registry+https://github.com/rust-lang/crates.io-index"
checksum = "4a983d0b19ed0fcd803c4f04f9b20d5e6dd17e06d44d98742a0985ac45dab1bc"
dependencies = [
 "nanoserde-derive",
]

[[package]]
name = "nanoserde-derive"
version = "0.1.21"
source = "registry+https://github.com/rust-lang/crates.io-index"
checksum = "d4dc96541767a4279572fdcf9f95af9cc1c9b2a2254e7a079203c81e206a9059"

[[package]]
name = "once_cell"
version = "1.18.0"
source = "registry+https://github.com/rust-lang/crates.io-index"
checksum = "dd8b5dd2ae5ed71462c540258bedcb51965123ad7e7ccf4b9a8cafaa4a63576d"

[[package]]
name = "paste"
version = "1.0.14"
source = "registry+https://github.com/rust-lang/crates.io-index"
checksum = "de3145af08024dea9fa9914f381a17b8fc6034dfb00f3a84013f7ff43f29ed4c"

[[package]]
name = "proc-macro2"
version = "1.0.69"
source = "registry+https://github.com/rust-lang/crates.io-index"
checksum = "134c189feb4956b20f6f547d2cf727d4c0fe06722b20a0eec87ed445a97f92da"
dependencies = [
 "unicode-ident",
]

[[package]]
name = "protobuf"
version = "3.3.0"
source = "registry+https://github.com/rust-lang/crates.io-index"
checksum = "b65f4a8ec18723a734e5dc09c173e0abf9690432da5340285d536edcb4dac190"
dependencies = [
 "once_cell",
 "protobuf-support",
 "thiserror",
]

[[package]]
name = "protobuf-support"
version = "3.3.0"
source = "registry+https://github.com/rust-lang/crates.io-index"
checksum = "6872f4d4f4b98303239a2b5838f5bbbb77b01ffc892d627957f37a22d7cfe69c"
dependencies = [
 "thiserror",
]

[[package]]
name = "quote"
version = "1.0.33"
source = "registry+https://github.com/rust-lang/crates.io-index"
checksum = "5267fca4496028628a95160fc423a33e8b2e6af8a5302579e322e4b520293cae"
dependencies = [
 "proc-macro2",
]

[[package]]
name = "regex"
version = "1.10.0"
source = "registry+https://github.com/rust-lang/crates.io-index"
checksum = "d119d7c7ca818f8a53c300863d4f87566aac09943aef5b355bb83969dae75d87"
dependencies = [
 "aho-corasick",
 "memchr",
 "regex-automata",
 "regex-syntax",
]

[[package]]
name = "regex-automata"
version = "0.4.1"
source = "registry+https://github.com/rust-lang/crates.io-index"
checksum = "465c6fc0621e4abc4187a2bda0937bfd4f722c2730b29562e19689ea796c9a4b"
dependencies = [
 "aho-corasick",
 "memchr",
 "regex-syntax",
]

[[package]]
name = "regex-syntax"
version = "0.8.1"
source = "registry+https://github.com/rust-lang/crates.io-index"
checksum = "56d84fdd47036b038fc80dd333d10b6aab10d5d31f4a366e20014def75328d33"

[[package]]
name = "syn"
version = "2.0.38"
source = "registry+https://github.com/rust-lang/crates.io-index"
checksum = "e96b79aaa137db8f61e26363a0c9b47d8b4ec75da28b7d1d614c2303e232408b"
dependencies = [
 "proc-macro2",
 "quote",
 "unicode-ident",
]

[[package]]
name = "thiserror"
version = "1.0.49"
source = "registry+https://github.com/rust-lang/crates.io-index"
checksum = "1177e8c6d7ede7afde3585fd2513e611227efd6481bd78d2e82ba1ce16557ed4"
dependencies = [
 "thiserror-impl",
]

[[package]]
name = "thiserror-impl"
version = "1.0.49"
source = "registry+https://github.com/rust-lang/crates.io-index"
checksum = "10712f02019e9288794769fba95cd6847df9874d49d871d062172f9dd41bc4cc"
dependencies = [
 "proc-macro2",
 "quote",
 "syn",
]

[[package]]
name = "unicode-ident"
version = "1.0.12"
source = "registry+https://github.com/rust-lang/crates.io-index"
checksum = "3354b9ac3fae1ff6755cb6db53683adb661634f67557942dea4facebec0fee4b"

[[package]]
name = "venial"
version = "0.5.0"
source = "registry+https://github.com/rust-lang/crates.io-index"
checksum = "61584a325b16f97b5b25fcc852eb9550843a251057a5e3e5992d2376f3df4bb2"
dependencies = [
 "proc-macro2",
 "quote",
]
